
Microsoft Visual Studio Solution File, Format Version 12.00
# Visual Studio Version 17
VisualStudioVersion = 17.6.33829.357
MinimumVisualStudioVersion = 10.0.40219.1
Project("{9A19103F-16F7-4668-BE54-9A1E7A4F7556}") = "Laboratorium 1", "Laboratorium 1\Laboratorium 1.csproj", "{4EADEC3A-345B-4A61-BF8A-99D628AD29FA}"
EndProject
Project("{9A19103F-16F7-4668-BE54-9A1E7A4F7556}") = "Laboratorium 2", "Laboratorium 2\Laboratorium 2.csproj", "{5681D9B3-7095-4248-89FB-11BB6A502800}"
EndProject
Project("{9A19103F-16F7-4668-BE54-9A1E7A4F7556}") = "Laboratorium 3 - App", "Laboratorium 3 - App\Laboratorium 3 - App.csproj", "{967B34E1-B3BE-4BD8-A919-78BA81CD941A}"
EndProject
Project("{FAE04EC0-301F-11D3-BF4B-00C04F79EFBC}") = "Laboratorium 3 - App - Employees", "Laboratorium 3 - App - Employees\Laboratorium 3 - App - Employees.csproj", "{C96EC88D-9C2B-44CD-A855-E2AF07020A2F}"
EndProject
Global
	GlobalSection(SolutionConfigurationPlatforms) = preSolution
		Debug|Any CPU = Debug|Any CPU
		Release|Any CPU = Release|Any CPU
	EndGlobalSection
	GlobalSection(ProjectConfigurationPlatforms) = postSolution
		{4EADEC3A-345B-4A61-BF8A-99D628AD29FA}.Debug|Any CPU.ActiveCfg = Debug|Any CPU
		{4EADEC3A-345B-4A61-BF8A-99D628AD29FA}.Debug|Any CPU.Build.0 = Debug|Any CPU
		{4EADEC3A-345B-4A61-BF8A-99D628AD29FA}.Release|Any CPU.ActiveCfg = Release|Any CPU
		{4EADEC3A-345B-4A61-BF8A-99D628AD29FA}.Release|Any CPU.Build.0 = Release|Any CPU
		{5681D9B3-7095-4248-89FB-11BB6A502800}.Debug|Any CPU.ActiveCfg = Debug|Any CPU
		{5681D9B3-7095-4248-89FB-11BB6A502800}.Debug|Any CPU.Build.0 = Debug|Any CPU
		{5681D9B3-7095-4248-89FB-11BB6A502800}.Release|Any CPU.ActiveCfg = Release|Any CPU
		{5681D9B3-7095-4248-89FB-11BB6A502800}.Release|Any CPU.Build.0 = Release|Any CPU
		{967B34E1-B3BE-4BD8-A919-78BA81CD941A}.Debug|Any CPU.ActiveCfg = Debug|Any CPU
		{967B34E1-B3BE-4BD8-A919-78BA81CD941A}.Debug|Any CPU.Build.0 = Debug|Any CPU
		{967B34E1-B3BE-4BD8-A919-78BA81CD941A}.Release|Any CPU.ActiveCfg = Release|Any CPU
		{967B34E1-B3BE-4BD8-A919-78BA81CD941A}.Release|Any CPU.Build.0 = Release|Any CPU
		{C96EC88D-9C2B-44CD-A855-E2AF07020A2F}.Debug|Any CPU.ActiveCfg = Debug|Any CPU
		{C96EC88D-9C2B-44CD-A855-E2AF07020A2F}.Debug|Any CPU.Build.0 = Debug|Any CPU
		{C96EC88D-9C2B-44CD-A855-E2AF07020A2F}.Release|Any CPU.ActiveCfg = Release|Any CPU
		{C96EC88D-9C2B-44CD-A855-E2AF07020A2F}.Release|Any CPU.Build.0 = Release|Any CPU
	EndGlobalSection
	GlobalSection(SolutionProperties) = preSolution
		HideSolutionNode = FALSE
	EndGlobalSection
	GlobalSection(ExtensibilityGlobals) = postSolution
		SolutionGuid = {DA0E2EDF-75B5-4DC1-9179-092ADB171FB5}
	EndGlobalSection
EndGlobal
